
Microsoft Visual Studio Solution File, Format Version 12.00
# Visual Studio 2013
VisualStudioVersion = 12.0.31101.0
MinimumVisualStudioVersion = 10.0.40219.1
Project("{2150E333-8FDC-42A3-9474-1A3956D46DE8}") = "00.Shared", "00.Shared", "{7EB0C616-8CFA-45FA-92AA-C93217422F86}"
EndProject
Project("{2150E333-8FDC-42A3-9474-1A3956D46DE8}") = "01.Data", "01.Data", "{884DD561-90DC-4C3F-A9C4-088FD10F46EE}"
EndProject
Project("{2150E333-8FDC-42A3-9474-1A3956D46DE8}") = "02.Business", "02.Business", "{D94289FA-2247-4860-AFA0-D0467F668608}"
EndProject
Project("{2150E333-8FDC-42A3-9474-1A3956D46DE8}") = "03.Presentation", "03.Presentation", "{3A6B58BF-ED82-41C2-BE09-C6EFDD8F1483}"
EndProject
Project("{FAE04EC0-301F-11D3-BF4B-00C04F79EFBC}") = "Common", "Common\Common.csproj", "{7CCE3CAD-7879-45B4-90C6-BFD08EEE8954}"
EndProject
Project("{FAE04EC0-301F-11D3-BF4B-00C04F79EFBC}") = "DAL", "DAL\DAL.csproj", "{74FA5FDF-0675-49DE-B20B-90DBF5EE4D13}"
EndProject
Project("{FAE04EC0-301F-11D3-BF4B-00C04F79EFBC}") = "BLL", "BLL\BLL.csproj", "{C5F6F663-CFF3-4A35-8339-6229D983AF6B}"
EndProject
Project("{FAE04EC0-301F-11D3-BF4B-00C04F79EFBC}") = "UI", "UI\UI.csproj", "{40022D78-B7E3-46D5-867D-0CE4A12D67FE}"
EndProject
Global
	GlobalSection(SolutionConfigurationPlatforms) = preSolution
		Debug|Any CPU = Debug|Any CPU
		Release|Any CPU = Release|Any CPU
	EndGlobalSection
	GlobalSection(ProjectConfigurationPlatforms) = postSolution
		{7CCE3CAD-7879-45B4-90C6-BFD08EEE8954}.Debug|Any CPU.ActiveCfg = Debug|Any CPU
		{7CCE3CAD-7879-45B4-90C6-BFD08EEE8954}.Debug|Any CPU.Build.0 = Debug|Any CPU
		{7CCE3CAD-7879-45B4-90C6-BFD08EEE8954}.Release|Any CPU.ActiveCfg = Release|Any CPU
		{7CCE3CAD-7879-45B4-90C6-BFD08EEE8954}.Release|Any CPU.Build.0 = Release|Any CPU
		{74FA5FDF-0675-49DE-B20B-90DBF5EE4D13}.Debug|Any CPU.ActiveCfg = Debug|Any CPU
		{74FA5FDF-0675-49DE-B20B-90DBF5EE4D13}.Debug|Any CPU.Build.0 = Debug|Any CPU
		{74FA5FDF-0675-49DE-B20B-90DBF5EE4D13}.Release|Any CPU.ActiveCfg = Release|Any CPU
		{74FA5FDF-0675-49DE-B20B-90DBF5EE4D13}.Release|Any CPU.Build.0 = Release|Any CPU
		{C5F6F663-CFF3-4A35-8339-6229D983AF6B}.Debug|Any CPU.ActiveCfg = Debug|Any CPU
		{C5F6F663-CFF3-4A35-8339-6229D983AF6B}.Debug|Any CPU.Build.0 = Debug|Any CPU
		{C5F6F663-CFF3-4A35-8339-6229D983AF6B}.Release|Any CPU.ActiveCfg = Release|Any CPU
		{C5F6F663-CFF3-4A35-8339-6229D983AF6B}.Release|Any CPU.Build.0 = Release|Any CPU
		{40022D78-B7E3-46D5-867D-0CE4A12D67FE}.Debug|Any CPU.ActiveCfg = Debug|Any CPU
		{40022D78-B7E3-46D5-867D-0CE4A12D67FE}.Debug|Any CPU.Build.0 = Debug|Any CPU
		{40022D78-B7E3-46D5-867D-0CE4A12D67FE}.Release|Any CPU.ActiveCfg = Release|Any CPU
		{40022D78-B7E3-46D5-867D-0CE4A12D67FE}.Release|Any CPU.Build.0 = Release|Any CPU
	EndGlobalSection
	GlobalSection(SolutionProperties) = preSolution
		HideSolutionNode = FALSE
	EndGlobalSection
	GlobalSection(NestedProjects) = preSolution
		{7CCE3CAD-7879-45B4-90C6-BFD08EEE8954} = {7EB0C616-8CFA-45FA-92AA-C93217422F86}
		{74FA5FDF-0675-49DE-B20B-90DBF5EE4D13} = {884DD561-90DC-4C3F-A9C4-088FD10F46EE}
		{C5F6F663-CFF3-4A35-8339-6229D983AF6B} = {D94289FA-2247-4860-AFA0-D0467F668608}
		{40022D78-B7E3-46D5-867D-0CE4A12D67FE} = {3A6B58BF-ED82-41C2-BE09-C6EFDD8F1483}
	EndGlobalSection
EndGlobal
